<?xml version="1.0" encoding="utf-8"?>
<Project ToolsVersion="4.0" xmlns="http://schemas.microsoft.com/developer/msbuild/2003">
  <ItemGroup>
    <Filter Include="Source Files">
      <UniqueIdentifier>{4FC737F1-C7A5-4376-A066-2A32D752A2FF}</UniqueIdentifier>
      <Extensions>cpp;c;cc;cxx;def;odl;idl;hpj;bat;asm;asmx</Extensions>
    </Filter>
    <Filter Include="Header Files">
      <UniqueIdentifier>{93995380-89BD-4b04-88EB-625FBE52EBFB}</UniqueIdentifier>
      <Extensions>h;hh;hpp;hxx;hm;inl;inc;ipp;xsd</Extensions>
    </Filter>
    <Filter Include="Resource Files">
      <UniqueIdentifier>{67DA6AB6-F800-4c08-8B7A-83BB121AAD01}</UniqueIdentifier>
      <Extensions>rc;ico;cur;bmp;dlg;rc2;rct;bin;rgs;gif;jpg;jpeg;jpe;resx;tiff;tif;png;wav;mfcribbon-ms</Extensions>
    </Filter>
    <Filter Include="Entities">
      <UniqueIdentifier>{d3f16fa0-6352-4fd4-a3e9-663068b1e052}</UniqueIdentifier>
    </Filter>
    <Filter Include="Complex">
      <UniqueIdentifier>{cea9c6c6-2c0a-4c6e-82c5-aea59600622e}</UniqueIdentifier>
    </Filter>
    <Filter Include="Core">
      <UniqueIdentifier>{57dedc6e-e1c5-4ad1-81cb-4f6739c165ee}</UniqueIdentifier>
    </Filter>
  </ItemGroup>
  <ItemGroup>
    <ClInclude Include="Entity.h">
      <Filter>Entities</Filter>
    </ClInclude>
    <ClInclude Include="SpawnPoint.h">
      <Filter>Entities</Filter>
    </ClInclude>
    <ClInclude Include="Component.h">
      <Filter>Complex</Filter>
    </ClInclude>
    <ClInclude Include="ConnectionPoint.h">
      <Filter>Complex</Filter>
    </ClInclude>
    <ClInclude Include="BoundingBox.h">
      <Filter>Complex</Filter>
    </ClInclude>
    <ClInclude Include="SpacialPoint.h">
      <Filter>Core</Filter>
    </ClInclude>
    <ClInclude Include="Corridor.h">
      <Filter>Core</Filter>
    </ClInclude>
    <ClInclude Include="Dungeon.h">
      <Filter>Core</Filter>
    </ClInclude>
    <ClInclude Include="Face.h">
      <Filter>Core</Filter>
    </ClInclude>
    <ClInclude Include="FileWriter.h">
      <Filter>Core</Filter>
    </ClInclude>
    <ClInclude Include="IdentityManager.h">
      <Filter>Core</Filter>
    </ClInclude>
    <ClInclude Include="Map.h">
      <Filter>Core</Filter>
    </ClInclude>
    <ClInclude Include="RandomRoomDungeon.h">
      <Filter>Core</Filter>
    </ClInclude>
    <ClInclude Include="Rectangle.h">
      <Filter>Core</Filter>
    </ClInclude>
    <ClInclude Include="Room.h">
      <Filter>Core</Filter>
    </ClInclude>
    <ClInclude Include="Sides.h">
      <Filter>Core</Filter>
    </ClInclude>
    <ClInclude Include="Solid.h">
      <Filter>Core</Filter>
    </ClInclude>
    <ClInclude Include="Walkway.h">
      <Filter>Complex</Filter>
    </ClInclude>
    <ClInclude Include="ComplexDungeon.h">
      <Filter>Complex</Filter>
    </ClInclude>
    <ClInclude Include="NumberHelper.h">
      <Filter>Core</Filter>
    </ClInclude>
    <ClInclude Include="OpenRoom.h">
      <Filter>Complex</Filter>
    </ClInclude>
    <ClInclude Include="Matter.h">
      <Filter>Header Files</Filter>
    </ClInclude>
  </ItemGroup>
  <ItemGroup>
    <ClCompile Include="Entity.cpp">
      <Filter>Entities</Filter>
    </ClCompile>
    <ClCompile Include="SpawnPoint.cpp">
      <Filter>Entities</Filter>
    </ClCompile>
    <ClCompile Include="Component.cpp">
      <Filter>Complex</Filter>
    </ClCompile>
    <ClCompile Include="ConnectionPoint.cpp">
      <Filter>Complex</Filter>
    </ClCompile>
    <ClCompile Include="BoundingBox.cpp">
      <Filter>Complex</Filter>
    </ClCompile>
    <ClCompile Include="Corridor.cpp">
      <Filter>Core</Filter>
    </ClCompile>
    <ClCompile Include="Dungeon.cpp">
      <Filter>Core</Filter>
    </ClCompile>
    <ClCompile Include="Face.cpp">
      <Filter>Core</Filter>
    </ClCompile>
    <ClCompile Include="FileWriter.cpp">
      <Filter>Core</Filter>
    </ClCompile>
    <ClCompile Include="WorldBuilder.cpp">
      <Filter>Core</Filter>
    </ClCompile>
    <ClCompile Include="Solid.cpp">
      <Filter>Core</Filter>
    </ClCompile>
    <ClCompile Include="Room.cpp">
      <Filter>Core</Filter>
    </ClCompile>
    <ClCompile Include="RandomRoomDungeon.cpp">
      <Filter>Core</Filter>
    </ClCompile>
    <ClCompile Include="Map.cpp">
      <Filter>Core</Filter>
    </ClCompile>
    <ClCompile Include="Walkway.cpp">
      <Filter>Complex</Filter>
    </ClCompile>
    <ClCompile Include="ComplexDungeon.cpp">
      <Filter>Complex</Filter>
    </ClCompile>
    <ClCompile Include="OpenRoom.cpp">
      <Filter>Complex</Filter>
    </ClCompile>
    <ClCompile Include="Matter.cpp">
      <Filter>Source Files</Filter>
    </ClCompile>
  </ItemGroup>
</Project>